// !$*UTF8*$!
{
	archiveVersion = 1;
	classes = {
	};
	objectVersion = 50;
	objects = {

/* Begin PBXBuildFile section */
		50B0ADC72E11FAF298A3DDF4 /* Pods_MoveInSync.framework in Frameworks */ = {isa = PBXBuildFile; fileRef = 50A55A04BEAA42E680E43A82 /* Pods_MoveInSync.framework */; };
		C1340B6826D625D200F42D3D /* AddViewController.swift in Sources */ = {isa = PBXBuildFile; fileRef = C1340B6726D625D200F42D3D /* AddViewController.swift */; };
		C1340B6A26D6323000F42D3D /* EmployeeManager.swift in Sources */ = {isa = PBXBuildFile; fileRef = C1340B6926D6323000F42D3D /* EmployeeManager.swift */; };
		C1340B6C26D638BB00F42D3D /* EmployeeData.swift in Sources */ = {isa = PBXBuildFile; fileRef = C1340B6B26D638BB00F42D3D /* EmployeeData.swift */; };
		C15D449526D5EC0000BB44D0 /* Employee.swift in Sources */ = {isa = PBXBuildFile; fileRef = C15D449426D5EC0000BB44D0 /* Employee.swift */; };
		C15D449826D5F4F400BB44D0 /* TableViewCell.swift in Sources */ = {isa = PBXBuildFile; fileRef = C15D449626D5F4F400BB44D0 /* TableViewCell.swift */; };
		C15D449926D5F4F400BB44D0 /* TableViewCell.xib in Resources */ = {isa = PBXBuildFile; fileRef = C15D449726D5F4F400BB44D0 /* TableViewCell.xib */; };
		C17A71E626D5571500E6117A /* AppDelegate.swift in Sources */ = {isa = PBXBuildFile; fileRef = C17A71E526D5571500E6117A /* AppDelegate.swift */; };
		C17A71E826D5571500E6117A /* SceneDelegate.swift in Sources */ = {isa = PBXBuildFile; fileRef = C17A71E726D5571500E6117A /* SceneDelegate.swift */; };
		C17A71EA26D5571500E6117A /* ViewController.swift in Sources */ = {isa = PBXBuildFile; fileRef = C17A71E926D5571500E6117A /* ViewController.swift */; };
		C17A71ED26D5571500E6117A /* Main.storyboard in Resources */ = {isa = PBXBuildFile; fileRef = C17A71EB26D5571500E6117A /* Main.storyboard */; };
		C17A71EF26D5571800E6117A /* Assets.xcassets in Resources */ = {isa = PBXBuildFile; fileRef = C17A71EE26D5571800E6117A /* Assets.xcassets */; };
		C17A71F226D5571800E6117A /* LaunchScreen.storyboard in Resources */ = {isa = PBXBuildFile; fileRef = C17A71F026D5571800E6117A /* LaunchScreen.storyboard */; };
		C184016126D61A15002E16F5 /* DetailsViewController.swift in Sources */ = {isa = PBXBuildFile; fileRef = C184016026D61A15002E16F5 /* DetailsViewController.swift */; };
/* End PBXBuildFile section */

/* Begin PBXFileReference section */
		50A55A04BEAA42E680E43A82 /* Pods_MoveInSync.framework */ = {isa = PBXFileReference; explicitFileType = wrapper.framework; includeInIndex = 0; path = Pods_MoveInSync.framework; sourceTree = BUILT_PRODUCTS_DIR; };
		5BEA989DA1C1DD6874CD5AC2 /* Pods-MoveInSync.release.xcconfig */ = {isa = PBXFileReference; includeInIndex = 1; lastKnownFileType = text.xcconfig; name = "Pods-MoveInSync.release.xcconfig"; path = "Target Support Files/Pods-MoveInSync/Pods-MoveInSync.release.xcconfig"; sourceTree = "<group>"; };
		C1340B6726D625D200F42D3D /* AddViewController.swift */ = {isa = PBXFileReference; lastKnownFileType = sourcecode.swift; path = AddViewController.swift; sourceTree = "<group>"; };
		C1340B6926D6323000F42D3D /* EmployeeManager.swift */ = {isa = PBXFileReference; lastKnownFileType = sourcecode.swift; path = EmployeeManager.swift; sourceTree = "<group>"; };
		C1340B6B26D638BB00F42D3D /* EmployeeData.swift */ = {isa = PBXFileReference; lastKnownFileType = sourcecode.swift; path = EmployeeData.swift; sourceTree = "<group>"; };
		C15D449426D5EC0000BB44D0 /* Employee.swift */ = {isa = PBXFileReference; lastKnownFileType = sourcecode.swift; path = Employee.swift; sourceTree = "<group>"; };
		C15D449626D5F4F400BB44D0 /* TableViewCell.swift */ = {isa = PBXFileReference; lastKnownFileType = sourcecode.swift; path = TableViewCell.swift; sourceTree = "<group>"; };
		C15D449726D5F4F400BB44D0 /* TableViewCell.xib */ = {isa = PBXFileReference; lastKnownFileType = file.xib; path = TableViewCell.xib; sourceTree = "<group>"; };
		C17A71E226D5571500E6117A /* MoveInSync.app */ = {isa = PBXFileReference; explicitFileType = wrapper.application; includeInIndex = 0; path = MoveInSync.app; sourceTree = BUILT_PRODUCTS_DIR; };
		C17A71E526D5571500E6117A /* AppDelegate.swift */ = {isa = PBXFileReference; lastKnownFileType = sourcecode.swift; path = AppDelegate.swift; sourceTree = "<group>"; };
		C17A71E726D5571500E6117A /* SceneDelegate.swift */ = {isa = PBXFileReference; lastKnownFileType = sourcecode.swift; path = SceneDelegate.swift; sourceTree = "<group>"; };
		C17A71E926D5571500E6117A /* ViewController.swift */ = {isa = PBXFileReference; lastKnownFileType = sourcecode.swift; path = ViewController.swift; sourceTree = "<group>"; };
		C17A71EC26D5571500E6117A /* Base */ = {isa = PBXFileReference; lastKnownFileType = file.storyboard; name = Base; path = Base.lproj/Main.storyboard; sourceTree = "<group>"; };
		C17A71EE26D5571800E6117A /* Assets.xcassets */ = {isa = PBXFileReference; lastKnownFileType = folder.assetcatalog; path = Assets.xcassets; sourceTree = "<group>"; };
		C17A71F126D5571800E6117A /* Base */ = {isa = PBXFileReference; lastKnownFileType = file.storyboard; name = Base; path = Base.lproj/LaunchScreen.storyboard; sourceTree = "<group>"; };
		C17A71F326D5571800E6117A /* Info.plist */ = {isa = PBXFileReference; lastKnownFileType = text.plist.xml; path = Info.plist; sourceTree = "<group>"; };
		C184016026D61A15002E16F5 /* DetailsViewController.swift */ = {isa = PBXFileReference; lastKnownFileType = sourcecode.swift; path = DetailsViewController.swift; sourceTree = "<group>"; };
		DDC131986AFF1D1546D05385 /* Pods-MoveInSync.debug.xcconfig */ = {isa = PBXFileReference; includeInIndex = 1; lastKnownFileType = text.xcconfig; name = "Pods-MoveInSync.debug.xcconfig"; path = "Target Support Files/Pods-MoveInSync/Pods-MoveInSync.debug.xcconfig"; sourceTree = "<group>"; };
/* End PBXFileReference section */

/* Begin PBXFrameworksBuildPhase section */
		C17A71DF26D5571400E6117A /* Frameworks */ = {
			isa = PBXFrameworksBuildPhase;
			buildActionMask = 2147483647;
			files = (
				50B0ADC72E11FAF298A3DDF4 /* Pods_MoveInSync.framework in Frameworks */,
			);
			runOnlyForDeploymentPostprocessing = 0;
		};
/* End PBXFrameworksBuildPhase section */

/* Begin PBXGroup section */
		65304C9C0D988C8958DAE026 /* Pods */ = {
			isa = PBXGroup;
			children = (
				DDC131986AFF1D1546D05385 /* Pods-MoveInSync.debug.xcconfig */,
				5BEA989DA1C1DD6874CD5AC2 /* Pods-MoveInSync.release.xcconfig */,
			);
			name = Pods;
			path = Pods;
			sourceTree = "<group>";
		};
		824FB819F789159247687907 /* Frameworks */ = {
			isa = PBXGroup;
			children = (
				50A55A04BEAA42E680E43A82 /* Pods_MoveInSync.framework */,
			);
			name = Frameworks;
			sourceTree = "<group>";
		};
		C17A71D926D5571400E6117A = {
			isa = PBXGroup;
			children = (
				C17A71E426D5571500E6117A /* MoveInSync */,
				C17A71E326D5571500E6117A /* Products */,
				65304C9C0D988C8958DAE026 /* Pods */,
				824FB819F789159247687907 /* Frameworks */,
			);
			sourceTree = "<group>";
		};
		C17A71E326D5571500E6117A /* Products */ = {
			isa = PBXGroup;
			children = (
				C17A71E226D5571500E6117A /* MoveInSync.app */,
			);
			name = Products;
			sourceTree = "<group>";
		};
		C17A71E426D5571500E6117A /* MoveInSync */ = {
			isa = PBXGroup;
			children = (
				C17A71E526D5571500E6117A /* AppDelegate.swift */,
				C17A71E726D5571500E6117A /* SceneDelegate.swift */,
				C17A71FB26D56A2500E6117A /* Model */,
				C17A71F926D56A0F00E6117A /* Controller */,
				C17A71FA26D56A1F00E6117A /* View */,
				C17A71EE26D5571800E6117A /* Assets.xcassets */,
				C17A71F026D5571800E6117A /* LaunchScreen.storyboard */,
				C17A71F326D5571800E6117A /* Info.plist */,
			);
			path = MoveInSync;
			sourceTree = "<group>";
		};
		C17A71F926D56A0F00E6117A /* Controller */ = {
			isa = PBXGroup;
			children = (
				C17A71E926D5571500E6117A /* ViewController.swift */,
				C184016026D61A15002E16F5 /* DetailsViewController.swift */,
				C1340B6726D625D200F42D3D /* AddViewController.swift */,
			);
			path = Controller;
			sourceTree = "<group>";
		};
		C17A71FA26D56A1F00E6117A /* View */ = {
			isa = PBXGroup;
			children = (
				C17A71EB26D5571500E6117A /* Main.storyboard */,
				C15D449626D5F4F400BB44D0 /* TableViewCell.swift */,
				C15D449726D5F4F400BB44D0 /* TableViewCell.xib */,
			);
			path = View;
			sourceTree = "<group>";
		};
		C17A71FB26D56A2500E6117A /* Model */ = {
			isa = PBXGroup;
			children = (
				C15D449426D5EC0000BB44D0 /* Employee.swift */,
				C1340B6926D6323000F42D3D /* EmployeeManager.swift */,
				C1340B6B26D638BB00F42D3D /* EmployeeData.swift */,
			);
			path = Model;
			sourceTree = "<group>";
		};
/* End PBXGroup section */

/* Begin PBXNativeTarget section */
		C17A71E126D5571400E6117A /* MoveInSync */ = {
			isa = PBXNativeTarget;
			buildConfigurationList = C17A71F626D5571800E6117A /* Build configuration list for PBXNativeTarget "MoveInSync" */;
			buildPhases = (
				A1DAEDAC674BB37375FBDC83 /* [CP] Check Pods Manifest.lock */,
				C17A71DE26D5571400E6117A /* Sources */,
				C17A71DF26D5571400E6117A /* Frameworks */,
				C17A71E026D5571400E6117A /* Resources */,
				B5FCD4B583BD915BE9FA73A8 /* [CP] Embed Pods Frameworks */,
			);
			buildRules = (
			);
			dependencies = (
			);
			name = MoveInSync;
			productName = MoveInSync;
			productReference = C17A71E226D5571500E6117A /* MoveInSync.app */;
			productType = "com.apple.product-type.application";
		};
/* End PBXNativeTarget section */

/* Begin PBXProject section */
		C17A71DA26D5571400E6117A /* Project object */ = {
			isa = PBXProject;
			attributes = {
				LastSwiftUpdateCheck = 1250;
				LastUpgradeCheck = 1250;
				TargetAttributes = {
					C17A71E126D5571400E6117A = {
						CreatedOnToolsVersion = 12.5;
					};
				};
			};
			buildConfigurationList = C17A71DD26D5571400E6117A /* Build configuration list for PBXProject "MoveInSync" */;
			compatibilityVersion = "Xcode 9.3";
			developmentRegion = en;
			hasScannedForEncodings = 0;
			knownRegions = (
				en,
				Base,
			);
			mainGroup = C17A71D926D5571400E6117A;
			productRefGroup = C17A71E326D5571500E6117A /* Products */;
			projectDirPath = "";
			projectRoot = "";
			targets = (
				C17A71E126D5571400E6117A /* MoveInSync */,
			);
		};
/* End PBXProject section */

/* Begin PBXResourcesBuildPhase section */
		C17A71E026D5571400E6117A /* Resources */ = {
			isa = PBXResourcesBuildPhase;
			buildActionMask = 2147483647;
			files = (
				C17A71F226D5571800E6117A /* LaunchScreen.storyboard in Resources */,
				C15D449926D5F4F400BB44D0 /* TableViewCell.xib in Resources */,
				C17A71EF26D5571800E6117A /* Assets.xcassets in Resources */,
				C17A71ED26D5571500E6117A /* Main.storyboard in Resources */,
			);
			runOnlyForDeploymentPostprocessing = 0;
		};
/* End PBXResourcesBuildPhase section */

/* Begin PBXShellScriptBuildPhase section */
		A1DAEDAC674BB37375FBDC83 /* [CP] Check Pods Manifest.lock */ = {
			isa = PBXShellScriptBuildPhase;
			buildActionMask = 2147483647;
			files = (
			);
			inputFileListPaths = (
			);
			inputPaths = (
				"${PODS_PODFILE_DIR_PATH}/Podfile.lock",
				"${PODS_ROOT}/Manifest.lock",
			);
			name = "[CP] Check Pods Manifest.lock";
			outputFileListPaths = (
			);
			outputPaths = (
				"$(DERIVED_FILE_DIR)/Pods-MoveInSync-checkManifestLockResult.txt",
			);
			runOnlyForDeploymentPostprocessing = 0;
			shellPath = /bin/sh;
			shellScript = "diff \"${PODS_PODFILE_DIR_PATH}/Podfile.lock\" \"${PODS_ROOT}/Manifest.lock\" > /dev/null\nif [ $? != 0 ] ; then\n    # print error to STDERR\n    echo \"error: The sandbox is not in sync with the Podfile.lock. Run 'pod install' or update your CocoaPods installation.\" >&2\n    exit 1\nfi\n# This output is used by Xcode 'outputs' to avoid re-running this script phase.\necho \"SUCCESS\" > \"${SCRIPT_OUTPUT_FILE_0}\"\n";
			showEnvVarsInLog = 0;
		};
		B5FCD4B583BD915BE9FA73A8 /* [CP] Embed Pods Frameworks */ = {
			isa = PBXShellScriptBuildPhase;
			buildActionMask = 2147483647;
			files = (
			);
			inputFileListPaths = (
				"${PODS_ROOT}/Target Support Files/Pods-MoveInSync/Pods-MoveInSync-frameworks-${CONFIGURATION}-input-files.xcfilelist",
			);
			name = "[CP] Embed Pods Frameworks";
			outputFileListPaths = (
				"${PODS_ROOT}/Target Support Files/Pods-MoveInSync/Pods-MoveInSync-frameworks-${CONFIGURATION}-output-files.xcfilelist",
			);
			runOnlyForDeploymentPostprocessing = 0;
			shellPath = /bin/sh;
			shellScript = "\"${PODS_ROOT}/Target Support Files/Pods-MoveInSync/Pods-MoveInSync-frameworks.sh\"\n";
			showEnvVarsInLog = 0;
		};
/* End PBXShellScriptBuildPhase section */

/* Begin PBXSourcesBuildPhase section */
		C17A71DE26D5571400E6117A /* Sources */ = {
			isa = PBXSourcesBuildPhase;
			buildActionMask = 2147483647;
			files = (
				C15D449826D5F4F400BB44D0 /* TableViewCell.swift in Sources */,
				C17A71EA26D5571500E6117A /* ViewController.swift in Sources */,
				C1340B6826D625D200F42D3D /* AddViewController.swift in Sources */,
				C1340B6A26D6323000F42D3D /* EmployeeManager.swift in Sources */,
				C15D449526D5EC0000BB44D0 /* Employee.swift in Sources */,
				C17A71E626D5571500E6117A /* AppDelegate.swift in Sources */,
				C1340B6C26D638BB00F42D3D /* EmployeeData.swift in Sources */,
				C17A71E826D5571500E6117A /* SceneDelegate.swift in Sources */,
				C184016126D61A15002E16F5 /* DetailsViewController.swift in Sources */,
			);
			runOnlyForDeploymentPostprocessing = 0;
		};
/* End PBXSourcesBuildPhase section */

/* Begin PBXVariantGroup section */
		C17A71EB26D5571500E6117A /* Main.storyboard */ = {
			isa = PBXVariantGroup;
			children = (
				C17A71EC26D5571500E6117A /* Base */,
			);
			name = Main.storyboard;
			sourceTree = "<group>";
		};
		C17A71F026D5571800E6117A /* LaunchScreen.storyboard */ = {
			isa = PBXVariantGroup;
			children = (
				C17A71F126D5571800E6117A /* Base */,
			);
			name = LaunchScreen.storyboard;
			sourceTree = "<group>";
		};
/* End PBXVariantGroup section */

/* Begin XCBuildConfiguration section */
		C17A71F426D5571800E6117A /* Debug */ = {
			isa = XCBuildConfiguration;
			buildSettings = {
				ALWAYS_SEARCH_USER_PATHS = NO;
				CLANG_ANALYZER_NONNULL = YES;
				CLANG_ANALYZER_NUMBER_OBJECT_CONVERSION = YES_AGGRESSIVE;
				CLANG_CXX_LANGUAGE_STANDARD = "gnu++14";
				CLANG_CXX_LIBRARY = "libc++";
				CLANG_ENABLE_MODULES = YES;
				CLANG_ENABLE_OBJC_ARC = YES;
				CLANG_ENABLE_OBJC_WEAK = YES;
				CLANG_WARN_BLOCK_CAPTURE_AUTORELEASING = YES;
				CLANG_WARN_BOOL_CONVERSION = YES;
				CLANG_WARN_COMMA = YES;
				CLANG_WARN_CONSTANT_CONVERSION = YES;
				CLANG_WARN_DEPRECATED_OBJC_IMPLEMENTATIONS = YES;
				CLANG_WARN_DIRECT_OBJC_ISA_USAGE = YES_ERROR;
				CLANG_WARN_DOCUMENTATION_COMMENTS = YES;
				CLANG_WARN_EMPTY_BODY = YES;
				CLANG_WARN_ENUM_CONVERSION = YES;
				CLANG_WARN_INFINITE_RECURSION = YES;
				CLANG_WARN_INT_CONVERSION = YES;
				CLANG_WARN_NON_LITERAL_NULL_CONVERSION = YES;
				CLANG_WARN_OBJC_IMPLICIT_RETAIN_SELF = YES;
				CLANG_WARN_OBJC_LITERAL_CONVERSION = YES;
				CLANG_WARN_OBJC_ROOT_CLASS = YES_ERROR;
				CLANG_WARN_QUOTED_INCLUDE_IN_FRAMEWORK_HEADER = YES;
				CLANG_WARN_RANGE_LOOP_ANALYSIS = YES;
				CLANG_WARN_STRICT_PROTOTYPES = YES;
				CLANG_WARN_SUSPICIOUS_MOVE = YES;
				CLANG_WARN_UNGUARDED_AVAILABILITY = YES_AGGRESSIVE;
				CLANG_WARN_UNREACHABLE_CODE = YES;
				CLANG_WARN__DUPLICATE_METHOD_MATCH = YES;
				COPY_PHASE_STRIP = NO;
				DEBUG_INFORMATION_FORMAT = dwarf;
				ENABLE_STRICT_OBJC_MSGSEND = YES;
				ENABLE_TESTABILITY = YES;
				GCC_C_LANGUAGE_STANDARD = gnu11;
				GCC_DYNAMIC_NO_PIC = NO;
				GCC_NO_COMMON_BLOCKS = YES;
				GCC_OPTIMIZATION_LEVEL = 0;
				GCC_PREPROCESSOR_DEFINITIONS = (
					"DEBUG=1",
					"$(inherited)",
				);
				GCC_WARN_64_TO_32_BIT_CONVERSION = YES;
				GCC_WARN_ABOUT_RETURN_TYPE = YES_ERROR;
				GCC_WARN_UNDECLARED_SELECTOR = YES;
				GCC_WARN_UNINITIALIZED_AUTOS = YES_AGGRESSIVE;
				GCC_WARN_UNUSED_FUNCTION = YES;
				GCC_WARN_UNUSED_VARIABLE = YES;
				IPHONEOS_DEPLOYMENT_TARGET = 14.5;
				MTL_ENABLE_DEBUG_INFO = INCLUDE_SOURCE;
				MTL_FAST_MATH = YES;
				ONLY_ACTIVE_ARCH = YES;
				SDKROOT = iphoneos;
				SWIFT_ACTIVE_COMPILATION_CONDITIONS = DEBUG;
				SWIFT_OPTIMIZATION_LEVEL = "-Onone";
			};
			name = Debug;
		};
		C17A71F526D5571800E6117A /* Release */ = {
			isa = XCBuildConfiguration;
			buildSettings = {
				ALWAYS_SEARCH_USER_PATHS = NO;
				CLANG_ANALYZER_NONNULL = YES;
				CLANG_ANALYZER_NUMBER_OBJECT_CONVERSION = YES_AGGRESSIVE;
				CLANG_CXX_LANGUAGE_STANDARD = "gnu++14";
				CLANG_CXX_LIBRARY = "libc++";
				CLANG_ENABLE_MODULES = YES;
				CLANG_ENABLE_OBJC_ARC = YES;
				CLANG_ENABLE_OBJC_WEAK = YES;
				CLANG_WARN_BLOCK_CAPTURE_AUTORELEASING = YES;
				CLANG_WARN_BOOL_CONVERSION = YES;
				CLANG_WARN_COMMA = YES;
				CLANG_WARN_CONSTANT_CONVERSION = YES;
				CLANG_WARN_DEPRECATED_OBJC_IMPLEMENTATIONS = YES;
				CLANG_WARN_DIRECT_OBJC_ISA_USAGE = YES_ERROR;
				CLANG_WARN_DOCUMENTATION_COMMENTS = YES;
				CLANG_WARN_EMPTY_BODY = YES;
				CLANG_WARN_ENUM_CONVERSION = YES;
				CLANG_WARN_INFINITE_RECURSION = YES;
				CLANG_WARN_INT_CONVERSION = YES;
				CLANG_WARN_NON_LITERAL_NULL_CONVERSION = YES;
				CLANG_WARN_OBJC_IMPLICIT_RETAIN_SELF = YES;
				CLANG_WARN_OBJC_LITERAL_CONVERSION = YES;
				CLANG_WARN_OBJC_ROOT_CLASS = YES_ERROR;
				CLANG_WARN_QUOTED_INCLUDE_IN_FRAMEWORK_HEADER = YES;
				CLANG_WARN_RANGE_LOOP_ANALYSIS = YES;
				CLANG_WARN_STRICT_PROTOTYPES = YES;
				CLANG_WARN_SUSPICIOUS_MOVE = YES;
				CLANG_WARN_UNGUARDED_AVAILABILITY = YES_AGGRESSIVE;
				CLANG_WARN_UNREACHABLE_CODE = YES;
				CLANG_WARN__DUPLICATE_METHOD_MATCH = YES;
				COPY_PHASE_STRIP = NO;
				DEBUG_INFORMATION_FORMAT = "dwarf-with-dsym";
				ENABLE_NS_ASSERTIONS = NO;
				ENABLE_STRICT_OBJC_MSGSEND = YES;
				GCC_C_LANGUAGE_STANDARD = gnu11;
				GCC_NO_COMMON_BLOCKS = YES;
				GCC_WARN_64_TO_32_BIT_CONVERSION = YES;
				GCC_WARN_ABOUT_RETURN_TYPE = YES_ERROR;
				GCC_WARN_UNDECLARED_SELECTOR = YES;
				GCC_WARN_UNINITIALIZED_AUTOS = YES_AGGRESSIVE;
				GCC_WARN_UNUSED_FUNCTION = YES;
				GCC_WARN_UNUSED_VARIABLE = YES;
				IPHONEOS_DEPLOYMENT_TARGET = 14.5;
				MTL_ENABLE_DEBUG_INFO = NO;
				MTL_FAST_MATH = YES;
				SDKROOT = iphoneos;
				SWIFT_COMPILATION_MODE = wholemodule;
				SWIFT_OPTIMIZATION_LEVEL = "-O";
				VALIDATE_PRODUCT = YES;
			};
			name = Release;
		};
		C17A71F726D5571800E6117A /* Debug */ = {
			isa = XCBuildConfiguration;
			baseConfigurationReference = DDC131986AFF1D1546D05385 /* Pods-MoveInSync.debug.xcconfig */;
			buildSettings = {
				ASSETCATALOG_COMPILER_APPICON_NAME = AppIcon;
				ASSETCATALOG_COMPILER_GLOBAL_ACCENT_COLOR_NAME = AccentColor;
				CODE_SIGN_STYLE = Automatic;
				INFOPLIST_FILE = MoveInSync/Info.plist;
				LD_RUNPATH_SEARCH_PATHS = (
					"$(inherited)",
					"@executable_path/Frameworks",
				);
				PRODUCT_BUNDLE_IDENTIFIER = com.Sairo.MoveInSync;
				PRODUCT_NAME = "$(TARGET_NAME)";
				SWIFT_VERSION = 5.0;
				TARGETED_DEVICE_FAMILY = "1,2";
			};
			name = Debug;
		};
		C17A71F826D5571800E6117A /* Release */ = {
			isa = XCBuildConfiguration;
			baseConfigurationReference = 5BEA989DA1C1DD6874CD5AC2 /* Pods-MoveInSync.release.xcconfig */;
			buildSettings = {
				ASSETCATALOG_COMPILER_APPICON_NAME = AppIcon;
				ASSETCATALOG_COMPILER_GLOBAL_ACCENT_COLOR_NAME = AccentColor;
				CODE_SIGN_STYLE = Automatic;
				INFOPLIST_FILE = MoveInSync/Info.plist;
				LD_RUNPATH_SEARCH_PATHS = (
					"$(inherited)",
					"@executable_path/Frameworks",
				);
				PRODUCT_BUNDLE_IDENTIFIER = com.Sairo.MoveInSync;
				PRODUCT_NAME = "$(TARGET_NAME)";
				SWIFT_VERSION = 5.0;
				TARGETED_DEVICE_FAMILY = "1,2";
			};
			name = Release;
		};
/* End XCBuildConfiguration section */

/* Begin XCConfigurationList section */
		C17A71DD26D5571400E6117A /* Build configuration list for PBXProject "MoveInSync" */ = {
			isa = XCConfigurationList;
			buildConfigurations = (
				C17A71F426D5571800E6117A /* Debug */,
				C17A71F526D5571800E6117A /* Release */,
			);
			defaultConfigurationIsVisible = 0;
			defaultConfigurationName = Release;
		};
		C17A71F626D5571800E6117A /* Build configuration list for PBXNativeTarget "MoveInSync" */ = {
			isa = XCConfigurationList;
			buildConfigurations = (
				C17A71F726D5571800E6117A /* Debug */,
				C17A71F826D5571800E6117A /* Release */,
			);
			defaultConfigurationIsVisible = 0;
			defaultConfigurationName = Release;
		};
/* End XCConfigurationList section */
	};
	rootObject = C17A71DA26D5571400E6117A /* Project object */;
}
